
Microsoft Visual Studio Solution File, Format Version 12.00
# Visual Studio Version 17
VisualStudioVersion = 17.0.31521.260
MinimumVisualStudioVersion = 10.0.40219.1
Project("{2150E333-8FDC-42A3-9474-1A3956D46DE8}") = "Services", "Services", "{E4B7E914-A6FB-4690-AB92-762755EA4519}"
EndProject
Project("{2150E333-8FDC-42A3-9474-1A3956D46DE8}") = "Catalog", "Catalog", "{1ACF9CCB-991D-4DCE-8811-A4503D829B21}"
EndProject
Project("{9A19103F-16F7-4668-BE54-9A1E7A4F7556}") = "Catalog.API", "services\catalog\Catalog.API\Catalog.API.csproj", "{99C1A14B-A85D-40CE-82CE-AA0581A8C933}"
EndProject
Project("{E53339B2-1760-4266-BCC7-CA923CBCF16C}") = "docker-compose", "docker-compose.dcproj", "{61961578-4888-4C8C-87C2-EE2A09D005D7}"
EndProject
Project("{2150E333-8FDC-42A3-9474-1A3956D46DE8}") = "Basket", "Basket", "{D0B68BB7-5B20-468B-91BE-FA3887E19618}"
EndProject
Project("{9A19103F-16F7-4668-BE54-9A1E7A4F7556}") = "Basket.API", "services\basket\Basket.API\Basket.API.csproj", "{19BF96ED-1BC9-4566-9AB0-77B6F163ECA3}"
EndProject
Project("{2150E333-8FDC-42A3-9474-1A3956D46DE8}") = "Discount", "Discount", "{7A2F0F57-8475-4C46-B2DE-089012E4A8BC}"
EndProject
Project("{FAE04EC0-301F-11D3-BF4B-00C04F79EFBC}") = "Discount.API", "services\discount\Discount.API\Discount.API.csproj", "{5F63994A-380C-4945-A917-BCD71F42C215}"
EndProject
Global
	GlobalSection(SolutionConfigurationPlatforms) = preSolution
		Debug|Any CPU = Debug|Any CPU
		Release|Any CPU = Release|Any CPU
	EndGlobalSection
	GlobalSection(ProjectConfigurationPlatforms) = postSolution
		{99C1A14B-A85D-40CE-82CE-AA0581A8C933}.Debug|Any CPU.ActiveCfg = Debug|Any CPU
		{99C1A14B-A85D-40CE-82CE-AA0581A8C933}.Debug|Any CPU.Build.0 = Debug|Any CPU
		{99C1A14B-A85D-40CE-82CE-AA0581A8C933}.Release|Any CPU.ActiveCfg = Release|Any CPU
		{99C1A14B-A85D-40CE-82CE-AA0581A8C933}.Release|Any CPU.Build.0 = Release|Any CPU
		{61961578-4888-4C8C-87C2-EE2A09D005D7}.Debug|Any CPU.ActiveCfg = Debug|Any CPU
		{61961578-4888-4C8C-87C2-EE2A09D005D7}.Debug|Any CPU.Build.0 = Debug|Any CPU
		{61961578-4888-4C8C-87C2-EE2A09D005D7}.Release|Any CPU.ActiveCfg = Release|Any CPU
		{61961578-4888-4C8C-87C2-EE2A09D005D7}.Release|Any CPU.Build.0 = Release|Any CPU
		{19BF96ED-1BC9-4566-9AB0-77B6F163ECA3}.Debug|Any CPU.ActiveCfg = Debug|Any CPU
		{19BF96ED-1BC9-4566-9AB0-77B6F163ECA3}.Debug|Any CPU.Build.0 = Debug|Any CPU
		{19BF96ED-1BC9-4566-9AB0-77B6F163ECA3}.Release|Any CPU.ActiveCfg = Release|Any CPU
		{19BF96ED-1BC9-4566-9AB0-77B6F163ECA3}.Release|Any CPU.Build.0 = Release|Any CPU
		{5F63994A-380C-4945-A917-BCD71F42C215}.Debug|Any CPU.ActiveCfg = Debug|Any CPU
		{5F63994A-380C-4945-A917-BCD71F42C215}.Debug|Any CPU.Build.0 = Debug|Any CPU
		{5F63994A-380C-4945-A917-BCD71F42C215}.Release|Any CPU.ActiveCfg = Release|Any CPU
		{5F63994A-380C-4945-A917-BCD71F42C215}.Release|Any CPU.Build.0 = Release|Any CPU
	EndGlobalSection
	GlobalSection(SolutionProperties) = preSolution
		HideSolutionNode = FALSE
	EndGlobalSection
	GlobalSection(NestedProjects) = preSolution
		{1ACF9CCB-991D-4DCE-8811-A4503D829B21} = {E4B7E914-A6FB-4690-AB92-762755EA4519}
		{99C1A14B-A85D-40CE-82CE-AA0581A8C933} = {1ACF9CCB-991D-4DCE-8811-A4503D829B21}
		{D0B68BB7-5B20-468B-91BE-FA3887E19618} = {E4B7E914-A6FB-4690-AB92-762755EA4519}
		{19BF96ED-1BC9-4566-9AB0-77B6F163ECA3} = {D0B68BB7-5B20-468B-91BE-FA3887E19618}
		{7A2F0F57-8475-4C46-B2DE-089012E4A8BC} = {E4B7E914-A6FB-4690-AB92-762755EA4519}
		{5F63994A-380C-4945-A917-BCD71F42C215} = {7A2F0F57-8475-4C46-B2DE-089012E4A8BC}
	EndGlobalSection
	GlobalSection(ExtensibilityGlobals) = postSolution
		SolutionGuid = {5614A9F5-2167-4DBD-A007-9B7B85B7C379}
	EndGlobalSection
EndGlobal
